// !$*UTF8*$!
{
	archiveVersion = 1;
	classes = {
	};
	objectVersion = 46;
	objects = {

/* Begin PBXBuildFile section */
		68D0638D1EB45BCF000ED4E3 /* AppDelegate.swift in Sources */ = {isa = PBXBuildFile; fileRef = 68D0638C1EB45BCF000ED4E3 /* AppDelegate.swift */; };
		68D0638F1EB45BCF000ED4E3 /* ViewController.swift in Sources */ = {isa = PBXBuildFile; fileRef = 68D0638E1EB45BCF000ED4E3 /* ViewController.swift */; };
		68D063921EB45BD0000ED4E3 /* Main.storyboard in Resources */ = {isa = PBXBuildFile; fileRef = 68D063901EB45BD0000ED4E3 /* Main.storyboard */; };
		68D063941EB45BD1000ED4E3 /* Assets.xcassets in Resources */ = {isa = PBXBuildFile; fileRef = 68D063931EB45BD1000ED4E3 /* Assets.xcassets */; };
		68D063971EB45BD1000ED4E3 /* LaunchScreen.storyboard in Resources */ = {isa = PBXBuildFile; fileRef = 68D063951EB45BD1000ED4E3 /* LaunchScreen.storyboard */; };
		68D0639F1EB45C1A000ED4E3 /* myhome.jpeg in Resources */ = {isa = PBXBuildFile; fileRef = 68D0639E1EB45C1A000ED4E3 /* myhome.jpeg */; };
/* End PBXBuildFile section */

/* Begin PBXFileReference section */
		68D063891EB45BCF000ED4E3 /* PinchGesture-Swift3.app */ = {isa = PBXFileReference; explicitFileType = wrapper.application; includeInIndex = 0; path = "PinchGesture-Swift3.app"; sourceTree = BUILT_PRODUCTS_DIR; };
		68D0638C1EB45BCF000ED4E3 /* AppDelegate.swift */ = {isa = PBXFileReference; lastKnownFileType = sourcecode.swift; path = AppDelegate.swift; sourceTree = "<group>"; };
		68D0638E1EB45BCF000ED4E3 /* ViewController.swift */ = {isa = PBXFileReference; lastKnownFileType = sourcecode.swift; path = ViewController.swift; sourceTree = "<group>"; };
		68D063911EB45BD0000ED4E3 /* Base */ = {isa = PBXFileReference; lastKnownFileType = file.storyboard; name = Base; path = Base.lproj/Main.storyboard; sourceTree = "<group>"; };
		68D063931EB45BD1000ED4E3 /* Assets.xcassets */ = {isa = PBXFileReference; lastKnownFileType = folder.assetcatalog; path = Assets.xcassets; sourceTree = "<group>"; };
		68D063961EB45BD1000ED4E3 /* Base */ = {isa = PBXFileReference; lastKnownFileType = file.storyboard; name = Base; path = Base.lproj/LaunchScreen.storyboard; sourceTree = "<group>"; };
		68D063981EB45BD2000ED4E3 /* Info.plist */ = {isa = PBXFileReference; lastKnownFileType = text.plist.xml; path = Info.plist; sourceTree = "<group>"; };
		68D0639E1EB45C1A000ED4E3 /* myhome.jpeg */ = {isa = PBXFileReference; lastKnownFileType = image.jpeg; path = myhome.jpeg; sourceTree = "<group>"; };
/* End PBXFileReference section */

/* Begin PBXFrameworksBuildPhase section */
		68D063861EB45BCF000ED4E3 /* Frameworks */ = {
			isa = PBXFrameworksBuildPhase;
			buildActionMask = 2147483647;
			files = (
			);
			runOnlyForDeploymentPostprocessing = 0;
		};
/* End PBXFrameworksBuildPhase section */

/* Begin PBXGroup section */
		68D063801EB45BCE000ED4E3 = {
			isa = PBXGroup;
			children = (
				68D0639E1EB45C1A000ED4E3 /* myhome.jpeg */,
				68D0638B1EB45BCF000ED4E3 /* GestureDemo-Swift3 */,
				68D0638A1EB45BCF000ED4E3 /* Products */,
			);
			sourceTree = "<group>";
		};
		68D0638A1EB45BCF000ED4E3 /* Products */ = {
			isa = PBXGroup;
			children = (
				68D063891EB45BCF000ED4E3 /* PinchGesture-Swift3.app */,
			);
			name = Products;
			sourceTree = "<group>";
		};
		68D0638B1EB45BCF000ED4E3 /* GestureDemo-Swift3 */ = {
			isa = PBXGroup;
			children = (
				68D0638C1EB45BCF000ED4E3 /* AppDelegate.swift */,
				68D0638E1EB45BCF000ED4E3 /* ViewController.swift */,
				68D063901EB45BD0000ED4E3 /* Main.storyboard */,
				68D063931EB45BD1000ED4E3 /* Assets.xcassets */,
				68D063951EB45BD1000ED4E3 /* LaunchScreen.storyboard */,
				68D063981EB45BD2000ED4E3 /* Info.plist */,
			);
			path = "GestureDemo-Swift3";
			sourceTree = "<group>";
		};
/* End PBXGroup section */

/* Begin PBXNativeTarget section */
		68D063881EB45BCF000ED4E3 /* PinchGesture-Swift3 */ = {
			isa = PBXNativeTarget;
			buildConfigurationList = 68D0639B1EB45BD2000ED4E3 /* Build configuration list for PBXNativeTarget "PinchGesture-Swift3" */;
			buildPhases = (
				68D063851EB45BCF000ED4E3 /* Sources */,
				68D063861EB45BCF000ED4E3 /* Frameworks */,
				68D063871EB45BCF000ED4E3 /* Resources */,
			);
			buildRules = (
			);
			dependencies = (
			);
			name = "PinchGesture-Swift3";
			productName = "GestureDemo-Swift3";
			productReference = 68D063891EB45BCF000ED4E3 /* PinchGesture-Swift3.app */;
			productType = "com.apple.product-type.application";
		};
/* End PBXNativeTarget section */

/* Begin PBXProject section */
		68D063811EB45BCE000ED4E3 /* Project object */ = {
			isa = PBXProject;
			attributes = {
				LastSwiftUpdateCheck = 0820;
				LastUpgradeCheck = 0820;
				ORGANIZATIONNAME = iOSDevCenters;
				TargetAttributes = {
					68D063881EB45BCF000ED4E3 = {
						CreatedOnToolsVersion = 8.2.1;
						ProvisioningStyle = Automatic;
					};
				};
			};
			buildConfigurationList = 68D063841EB45BCE000ED4E3 /* Build configuration list for PBXProject "PinchGesture-Swift3" */;
			compatibilityVersion = "Xcode 3.2";
			developmentRegion = English;
			hasScannedForEncodings = 0;
			knownRegions = (
				en,
				Base,
			);
			mainGroup = 68D063801EB45BCE000ED4E3;
			productRefGroup = 68D0638A1EB45BCF000ED4E3 /* Products */;
			projectDirPath = "";
			projectRoot = "";
			targets = (
				68D063881EB45BCF000ED4E3 /* PinchGesture-Swift3 */,
			);
		};
/* End PBXProject section */

/* Begin PBXResourcesBuildPhase section */
		68D063871EB45BCF000ED4E3 /* Resources */ = {
			isa = PBXResourcesBuildPhase;
			buildActionMask = 2147483647;
			files = (
				68D063971EB45BD1000ED4E3 /* LaunchScreen.storyboard in Resources */,
				68D063941EB45BD1000ED4E3 /* Assets.xcassets in Resources */,
				68D0639F1EB45C1A000ED4E3 /* myhome.jpeg in Resources */,
				68D063921EB45BD0000ED4E3 /* Main.storyboard in Resources */,
			);
			runOnlyForDeploymentPostprocessing = 0;
		};
/* End PBXResourcesBuildPhase section */

/* Begin PBXSourcesBuildPhase section */
		68D063851EB45BCF000ED4E3 /* Sources */ = {
			isa = PBXSourcesBuildPhase;
			buildActionMask = 2147483647;
			files = (
				68D0638F1EB45BCF000ED4E3 /* ViewController.swift in Sources */,
				68D0638D1EB45BCF000ED4E3 /* AppDelegate.swift in Sources */,
			);
			runOnlyForDeploymentPostprocessing = 0;
		};
/* End PBXSourcesBuildPhase section */

/* Begin PBXVariantGroup section */
		68D063901EB45BD0000ED4E3 /* Main.storyboard */ = {
			isa = PBXVariantGroup;
			children = (
				68D063911EB45BD0000ED4E3 /* Base */,
			);
			name = Main.storyboard;
			sourceTree = "<group>";
		};
		68D063951EB45BD1000ED4E3 /* LaunchScreen.storyboard */ = {
			isa = PBXVariantGroup;
			children = (
				68D063961EB45BD1000ED4E3 /* Base */,
			);
			name = LaunchScreen.storyboard;
			sourceTree = "<group>";
		};
/* End PBXVariantGroup section */

/* Begin XCBuildConfiguration section */
		68D063991EB45BD2000ED4E3 /* Debug */ = {
			isa = XCBuildConfiguration;
			buildSettings = {
				ALWAYS_SEARCH_USER_PATHS = NO;
				CLANG_ANALYZER_NONNULL = YES;
				CLANG_CXX_LANGUAGE_STANDARD = "gnu++0x";
				CLANG_CXX_LIBRARY = "libc++";
				CLANG_ENABLE_MODULES = YES;
				CLANG_ENABLE_OBJC_ARC = YES;
				CLANG_WARN_BOOL_CONVERSION = YES;
				CLANG_WARN_CONSTANT_CONVERSION = YES;
				CLANG_WARN_DIRECT_OBJC_ISA_USAGE = YES_ERROR;
				CLANG_WARN_DOCUMENTATION_COMMENTS = YES;
				CLANG_WARN_EMPTY_BODY = YES;
				CLANG_WARN_ENUM_CONVERSION = YES;
				CLANG_WARN_INFINITE_RECURSION = YES;
				CLANG_WARN_INT_CONVERSION = YES;
				CLANG_WARN_OBJC_ROOT_CLASS = YES_ERROR;
				CLANG_WARN_SUSPICIOUS_MOVE = YES;
				CLANG_WARN_UNREACHABLE_CODE = YES;
				CLANG_WARN__DUPLICATE_METHOD_MATCH = YES;
				"CODE_SIGN_IDENTITY[sdk=iphoneos*]" = "iPhone Developer";
				COPY_PHASE_STRIP = NO;
				DEBUG_INFORMATION_FORMAT = dwarf;
				ENABLE_STRICT_OBJC_MSGSEND = YES;
				ENABLE_TESTABILITY = YES;
				GCC_C_LANGUAGE_STANDARD = gnu99;
				GCC_DYNAMIC_NO_PIC = NO;
				GCC_NO_COMMON_BLOCKS = YES;
				GCC_OPTIMIZATION_LEVEL = 0;
				GCC_PREPROCESSOR_DEFINITIONS = (
					"DEBUG=1",
					"$(inherited)",
				);
				GCC_WARN_64_TO_32_BIT_CONVERSION = YES;
				GCC_WARN_ABOUT_RETURN_TYPE = YES_ERROR;
				GCC_WARN_UNDECLARED_SELECTOR = YES;
				GCC_WARN_UNINITIALIZED_AUTOS = YES_AGGRESSIVE;
				GCC_WARN_UNUSED_FUNCTION = YES;
				GCC_WARN_UNUSED_VARIABLE = YES;
				IPHONEOS_DEPLOYMENT_TARGET = 10.2;
				MTL_ENABLE_DEBUG_INFO = YES;
				ONLY_ACTIVE_ARCH = YES;
				SDKROOT = iphoneos;
				SWIFT_ACTIVE_COMPILATION_CONDITIONS = DEBUG;
				SWIFT_OPTIMIZATION_LEVEL = "-Onone";
			};
			name = Debug;
		};
		68D0639A1EB45BD2000ED4E3 /* Release */ = {
			isa = XCBuildConfiguration;
			buildSettings = {
				ALWAYS_SEARCH_USER_PATHS = NO;
				CLANG_ANALYZER_NONNULL = YES;
				CLANG_CXX_LANGUAGE_STANDARD = "gnu++0x";
				CLANG_CXX_LIBRARY = "libc++";
				CLANG_ENABLE_MODULES = YES;
				CLANG_ENABLE_OBJC_ARC = YES;
				CLANG_WARN_BOOL_CONVERSION = YES;
				CLANG_WARN_CONSTANT_CONVERSION = YES;
				CLANG_WARN_DIRECT_OBJC_ISA_USAGE = YES_ERROR;
				CLANG_WARN_DOCUMENTATION_COMMENTS = YES;
				CLANG_WARN_EMPTY_BODY = YES;
				CLANG_WARN_ENUM_CONVERSION = YES;
				CLANG_WARN_INFINITE_RECURSION = YES;
				CLANG_WARN_INT_CONVERSION = YES;
				CLANG_WARN_OBJC_ROOT_CLASS = YES_ERROR;
				CLANG_WARN_SUSPICIOUS_MOVE = YES;
				CLANG_WARN_UNREACHABLE_CODE = YES;
				CLANG_WARN__DUPLICATE_METHOD_MATCH = YES;
				"CODE_SIGN_IDENTITY[sdk=iphoneos*]" = "iPhone Developer";
				COPY_PHASE_STRIP = NO;
				DEBUG_INFORMATION_FORMAT = "dwarf-with-dsym";
				ENABLE_NS_ASSERTIONS = NO;
				ENABLE_STRICT_OBJC_MSGSEND = YES;
				GCC_C_LANGUAGE_STANDARD = gnu99;
				GCC_NO_COMMON_BLOCKS = YES;
				GCC_WARN_64_TO_32_BIT_CONVERSION = YES;
				GCC_WARN_ABOUT_RETURN_TYPE = YES_ERROR;
				GCC_WARN_UNDECLARED_SELECTOR = YES;
				GCC_WARN_UNINITIALIZED_AUTOS = YES_AGGRESSIVE;
				GCC_WARN_UNUSED_FUNCTION = YES;
				GCC_WARN_UNUSED_VARIABLE = YES;
				IPHONEOS_DEPLOYMENT_TARGET = 10.2;
				MTL_ENABLE_DEBUG_INFO = NO;
				SDKROOT = iphoneos;
				SWIFT_OPTIMIZATION_LEVEL = "-Owholemodule";
				VALIDATE_PRODUCT = YES;
			};
			name = Release;
		};
		68D0639C1EB45BD2000ED4E3 /* Debug */ = {
			isa = XCBuildConfiguration;
			buildSettings = {
				ASSETCATALOG_COMPILER_APPICON_NAME = AppIcon;
				INFOPLIST_FILE = "GestureDemo-Swift3/Info.plist";
				LD_RUNPATH_SEARCH_PATHS = "$(inherited) @executable_path/Frameworks";
				PRODUCT_BUNDLE_IDENTIFIER = "com.iOSDevCenters.GestureDemo-Swift3";
				PRODUCT_NAME = "$(TARGET_NAME)";
				SWIFT_VERSION = 3.0;
			};
			name = Debug;
		};
		68D0639D1EB45BD2000ED4E3 /* Release */ = {
			isa = XCBuildConfiguration;
			buildSettings = {
				ASSETCATALOG_COMPILER_APPICON_NAME = AppIcon;
				INFOPLIST_FILE = "GestureDemo-Swift3/Info.plist";
				LD_RUNPATH_SEARCH_PATHS = "$(inherited) @executable_path/Frameworks";
				PRODUCT_BUNDLE_IDENTIFIER = "com.iOSDevCenters.GestureDemo-Swift3";
				PRODUCT_NAME = "$(TARGET_NAME)";
				SWIFT_VERSION = 3.0;
			};
			name = Release;
		};
/* End XCBuildConfiguration section */

/* Begin XCConfigurationList section */
		68D063841EB45BCE000ED4E3 /* Build configuration list for PBXProject "PinchGesture-Swift3" */ = {
			isa = XCConfigurationList;
			buildConfigurations = (
				68D063991EB45BD2000ED4E3 /* Debug */,
				68D0639A1EB45BD2000ED4E3 /* Release */,
			);
			defaultConfigurationIsVisible = 0;
			defaultConfigurationName = Release;
		};
		68D0639B1EB45BD2000ED4E3 /* Build configuration list for PBXNativeTarget "PinchGesture-Swift3" */ = {
			isa = XCConfigurationList;
			buildConfigurations = (
				68D0639C1EB45BD2000ED4E3 /* Debug */,
				68D0639D1EB45BD2000ED4E3 /* Release */,
			);
			defaultConfigurationIsVisible = 0;
			defaultConfigurationName = Release;
		};
/* End XCConfigurationList section */
	};
	rootObject = 68D063811EB45BCE000ED4E3 /* Project object */;
}
